
Microsoft Visual Studio Solution File, Format Version 12.00
# Visual Studio Version 17
VisualStudioVersion = 17.4.33103.184
MinimumVisualStudioVersion = 10.0.40219.1
Project("{FAE04EC0-301F-11D3-BF4B-00C04F79EFBC}") = "DataGrid", "DataGrid\DataGrid.csproj", "{EC0D0AE0-C7DD-4DA5-9EEB-B4857E224370}"
EndProject
Global
	GlobalSection(SolutionConfigurationPlatforms) = preSolution
		Debug|Any CPU = Debug|Any CPU
		Release|Any CPU = Release|Any CPU
	EndGlobalSection
	GlobalSection(ProjectConfigurationPlatforms) = postSolution
		{EC0D0AE0-C7DD-4DA5-9EEB-B4857E224370}.Debug|Any CPU.ActiveCfg = Debug|Any CPU
		{EC0D0AE0-C7DD-4DA5-9EEB-B4857E224370}.Debug|Any CPU.Build.0 = Debug|Any CPU
		{EC0D0AE0-C7DD-4DA5-9EEB-B4857E224370}.Release|Any CPU.ActiveCfg = Release|Any CPU
		{EC0D0AE0-C7DD-4DA5-9EEB-B4857E224370}.Release|Any CPU.Build.0 = Release|Any CPU
	EndGlobalSection
	GlobalSection(SolutionProperties) = preSolution
		HideSolutionNode = FALSE
	EndGlobalSection
	GlobalSection(ExtensibilityGlobals) = postSolution
		SolutionGuid = {DE434CFE-761E-4F01-A56B-B8C5EC9D1059}
	EndGlobalSection
EndGlobal
